
Microsoft Visual Studio Solution File, Format Version 12.00
# Visual Studio Version 17
VisualStudioVersion = 17.0.31903.59
MinimumVisualStudioVersion = 10.0.40219.1
Project("{2150E333-8FDC-42A3-9474-1A3956D46DE8}") = "src", "src", "{827E0CD3-B72D-47B6-A68D-7590B98EB39B}"
EndProject
Project("{FAE04EC0-301F-11D3-BF4B-00C04F79EFBC}") = "IikoPetProject.Api", "src\IikoPetProject.Api\IikoPetProject.Api.csproj", "{54EE5E1A-8EEB-4215-8EA4-886E7E877777}"
EndProject
Project("{FAE04EC0-301F-11D3-BF4B-00C04F79EFBC}") = "IikoPetProject.Web", "src\IikoPetProject.Web\IikoPetProject.Web.csproj", "{28172388-CBB1-43B6-B40F-28245E1F2911}"
EndProject
Project("{FAE04EC0-301F-11D3-BF4B-00C04F79EFBC}") = "IikoPetProject.Domain", "src\IikoPetProject.Domain\IikoPetProject.Domain.csproj", "{937ACAAB-FEDE-4FE1-8A56-E99C825128E9}"
EndProject
Project("{FAE04EC0-301F-11D3-BF4B-00C04F79EFBC}") = "IikoPetProject.Application", "src\IikoPetProject.Application\IikoPetProject.Application.csproj", "{B78C00F5-7AF4-4504-8C18-A9A066DBD044}"
EndProject
Project("{FAE04EC0-301F-11D3-BF4B-00C04F79EFBC}") = "IikoPetProject.Infrastructure", "src\IikoPetProject.Infrastructure\IikoPetProject.Infrastructure.csproj", "{D41FE805-26B0-4D8D-A5A7-DC60FB4A03B0}"
EndProject
Global
	GlobalSection(SolutionConfigurationPlatforms) = preSolution
		Debug|Any CPU = Debug|Any CPU
		Debug|x64 = Debug|x64
		Debug|x86 = Debug|x86
		Release|Any CPU = Release|Any CPU
		Release|x64 = Release|x64
		Release|x86 = Release|x86
	EndGlobalSection
	GlobalSection(ProjectConfigurationPlatforms) = postSolution
		{54EE5E1A-8EEB-4215-8EA4-886E7E877777}.Debug|Any CPU.ActiveCfg = Debug|Any CPU
		{54EE5E1A-8EEB-4215-8EA4-886E7E877777}.Debug|Any CPU.Build.0 = Debug|Any CPU
		{54EE5E1A-8EEB-4215-8EA4-886E7E877777}.Debug|x64.ActiveCfg = Debug|Any CPU
		{54EE5E1A-8EEB-4215-8EA4-886E7E877777}.Debug|x64.Build.0 = Debug|Any CPU
		{54EE5E1A-8EEB-4215-8EA4-886E7E877777}.Debug|x86.ActiveCfg = Debug|Any CPU
		{54EE5E1A-8EEB-4215-8EA4-886E7E877777}.Debug|x86.Build.0 = Debug|Any CPU
		{54EE5E1A-8EEB-4215-8EA4-886E7E877777}.Release|Any CPU.ActiveCfg = Release|Any CPU
		{54EE5E1A-8EEB-4215-8EA4-886E7E877777}.Release|Any CPU.Build.0 = Release|Any CPU
		{54EE5E1A-8EEB-4215-8EA4-886E7E877777}.Release|x64.ActiveCfg = Release|Any CPU
		{54EE5E1A-8EEB-4215-8EA4-886E7E877777}.Release|x64.Build.0 = Release|Any CPU
		{54EE5E1A-8EEB-4215-8EA4-886E7E877777}.Release|x86.ActiveCfg = Release|Any CPU
		{54EE5E1A-8EEB-4215-8EA4-886E7E877777}.Release|x86.Build.0 = Release|Any CPU
		{28172388-CBB1-43B6-B40F-28245E1F2911}.Debug|Any CPU.ActiveCfg = Debug|Any CPU
		{28172388-CBB1-43B6-B40F-28245E1F2911}.Debug|Any CPU.Build.0 = Debug|Any CPU
		{28172388-CBB1-43B6-B40F-28245E1F2911}.Debug|x64.ActiveCfg = Debug|Any CPU
		{28172388-CBB1-43B6-B40F-28245E1F2911}.Debug|x64.Build.0 = Debug|Any CPU
		{28172388-CBB1-43B6-B40F-28245E1F2911}.Debug|x86.ActiveCfg = Debug|Any CPU
		{28172388-CBB1-43B6-B40F-28245E1F2911}.Debug|x86.Build.0 = Debug|Any CPU
		{28172388-CBB1-43B6-B40F-28245E1F2911}.Release|Any CPU.ActiveCfg = Release|Any CPU
		{28172388-CBB1-43B6-B40F-28245E1F2911}.Release|Any CPU.Build.0 = Release|Any CPU
		{28172388-CBB1-43B6-B40F-28245E1F2911}.Release|x64.ActiveCfg = Release|Any CPU
		{28172388-CBB1-43B6-B40F-28245E1F2911}.Release|x64.Build.0 = Release|Any CPU
		{28172388-CBB1-43B6-B40F-28245E1F2911}.Release|x86.ActiveCfg = Release|Any CPU
		{28172388-CBB1-43B6-B40F-28245E1F2911}.Release|x86.Build.0 = Release|Any CPU
		{937ACAAB-FEDE-4FE1-8A56-E99C825128E9}.Debug|Any CPU.ActiveCfg = Debug|Any CPU
		{937ACAAB-FEDE-4FE1-8A56-E99C825128E9}.Debug|Any CPU.Build.0 = Debug|Any CPU
		{937ACAAB-FEDE-4FE1-8A56-E99C825128E9}.Debug|x64.ActiveCfg = Debug|Any CPU
		{937ACAAB-FEDE-4FE1-8A56-E99C825128E9}.Debug|x64.Build.0 = Debug|Any CPU
		{937ACAAB-FEDE-4FE1-8A56-E99C825128E9}.Debug|x86.ActiveCfg = Debug|Any CPU
		{937ACAAB-FEDE-4FE1-8A56-E99C825128E9}.Debug|x86.Build.0 = Debug|Any CPU
		{937ACAAB-FEDE-4FE1-8A56-E99C825128E9}.Release|Any CPU.ActiveCfg = Release|Any CPU
		{937ACAAB-FEDE-4FE1-8A56-E99C825128E9}.Release|Any CPU.Build.0 = Release|Any CPU
		{937ACAAB-FEDE-4FE1-8A56-E99C825128E9}.Release|x64.ActiveCfg = Release|Any CPU
		{937ACAAB-FEDE-4FE1-8A56-E99C825128E9}.Release|x64.Build.0 = Release|Any CPU
		{937ACAAB-FEDE-4FE1-8A56-E99C825128E9}.Release|x86.ActiveCfg = Release|Any CPU
		{937ACAAB-FEDE-4FE1-8A56-E99C825128E9}.Release|x86.Build.0 = Release|Any CPU
		{B78C00F5-7AF4-4504-8C18-A9A066DBD044}.Debug|Any CPU.ActiveCfg = Debug|Any CPU
		{B78C00F5-7AF4-4504-8C18-A9A066DBD044}.Debug|Any CPU.Build.0 = Debug|Any CPU
		{B78C00F5-7AF4-4504-8C18-A9A066DBD044}.Debug|x64.ActiveCfg = Debug|Any CPU
		{B78C00F5-7AF4-4504-8C18-A9A066DBD044}.Debug|x64.Build.0 = Debug|Any CPU
		{B78C00F5-7AF4-4504-8C18-A9A066DBD044}.Debug|x86.ActiveCfg = Debug|Any CPU
		{B78C00F5-7AF4-4504-8C18-A9A066DBD044}.Debug|x86.Build.0 = Debug|Any CPU
		{B78C00F5-7AF4-4504-8C18-A9A066DBD044}.Release|Any CPU.ActiveCfg = Release|Any CPU
		{B78C00F5-7AF4-4504-8C18-A9A066DBD044}.Release|Any CPU.Build.0 = Release|Any CPU
		{B78C00F5-7AF4-4504-8C18-A9A066DBD044}.Release|x64.ActiveCfg = Release|Any CPU
		{B78C00F5-7AF4-4504-8C18-A9A066DBD044}.Release|x64.Build.0 = Release|Any CPU
		{B78C00F5-7AF4-4504-8C18-A9A066DBD044}.Release|x86.ActiveCfg = Release|Any CPU
		{B78C00F5-7AF4-4504-8C18-A9A066DBD044}.Release|x86.Build.0 = Release|Any CPU
		{D41FE805-26B0-4D8D-A5A7-DC60FB4A03B0}.Debug|Any CPU.ActiveCfg = Debug|Any CPU
		{D41FE805-26B0-4D8D-A5A7-DC60FB4A03B0}.Debug|Any CPU.Build.0 = Debug|Any CPU
		{D41FE805-26B0-4D8D-A5A7-DC60FB4A03B0}.Debug|x64.ActiveCfg = Debug|Any CPU
		{D41FE805-26B0-4D8D-A5A7-DC60FB4A03B0}.Debug|x64.Build.0 = Debug|Any CPU
		{D41FE805-26B0-4D8D-A5A7-DC60FB4A03B0}.Debug|x86.ActiveCfg = Debug|Any CPU
		{D41FE805-26B0-4D8D-A5A7-DC60FB4A03B0}.Debug|x86.Build.0 = Debug|Any CPU
		{D41FE805-26B0-4D8D-A5A7-DC60FB4A03B0}.Release|Any CPU.ActiveCfg = Release|Any CPU
		{D41FE805-26B0-4D8D-A5A7-DC60FB4A03B0}.Release|Any CPU.Build.0 = Release|Any CPU
		{D41FE805-26B0-4D8D-A5A7-DC60FB4A03B0}.Release|x64.ActiveCfg = Release|Any CPU
		{D41FE805-26B0-4D8D-A5A7-DC60FB4A03B0}.Release|x64.Build.0 = Release|Any CPU
		{D41FE805-26B0-4D8D-A5A7-DC60FB4A03B0}.Release|x86.ActiveCfg = Release|Any CPU
		{D41FE805-26B0-4D8D-A5A7-DC60FB4A03B0}.Release|x86.Build.0 = Release|Any CPU
	EndGlobalSection
	GlobalSection(SolutionProperties) = preSolution
		HideSolutionNode = FALSE
	EndGlobalSection
	GlobalSection(NestedProjects) = preSolution
		{54EE5E1A-8EEB-4215-8EA4-886E7E877777} = {827E0CD3-B72D-47B6-A68D-7590B98EB39B}
		{28172388-CBB1-43B6-B40F-28245E1F2911} = {827E0CD3-B72D-47B6-A68D-7590B98EB39B}
		{937ACAAB-FEDE-4FE1-8A56-E99C825128E9} = {827E0CD3-B72D-47B6-A68D-7590B98EB39B}
		{B78C00F5-7AF4-4504-8C18-A9A066DBD044} = {827E0CD3-B72D-47B6-A68D-7590B98EB39B}
		{D41FE805-26B0-4D8D-A5A7-DC60FB4A03B0} = {827E0CD3-B72D-47B6-A68D-7590B98EB39B}
	EndGlobalSection
EndGlobal
